
Microsoft Visual Studio Solution File, Format Version 12.00
# Visual Studio Version 16
VisualStudioVersion = 16.0.29613.14
MinimumVisualStudioVersion = 10.0.40219.1
Project("{FAE04EC0-301F-11D3-BF4B-00C04F79EFBC}") = "Monitor Brightness", "Monitor Brightness\Monitor Brightness.csproj", "{19209456-CB85-4372-AD57-69706D5D830A}"
EndProject
Global
	GlobalSection(SolutionConfigurationPlatforms) = preSolution
		Debug|Any CPU = Debug|Any CPU
		Release|Any CPU = Release|Any CPU
	EndGlobalSection
	GlobalSection(ProjectConfigurationPlatforms) = postSolution
		{19209456-CB85-4372-AD57-69706D5D830A}.Debug|Any CPU.ActiveCfg = Debug|Any CPU
		{19209456-CB85-4372-AD57-69706D5D830A}.Debug|Any CPU.Build.0 = Debug|Any CPU
		{19209456-CB85-4372-AD57-69706D5D830A}.Release|Any CPU.ActiveCfg = Release|Any CPU
		{19209456-CB85-4372-AD57-69706D5D830A}.Release|Any CPU.Build.0 = Release|Any CPU
	EndGlobalSection
	GlobalSection(SolutionProperties) = preSolution
		HideSolutionNode = FALSE
	EndGlobalSection
	GlobalSection(ExtensibilityGlobals) = postSolution
		SolutionGuid = {1E4C690B-05D6-4222-8A6A-5B1B41E3CA9F}
	EndGlobalSection
EndGlobal
